
Microsoft Visual Studio Solution File, Format Version 12.00
# Visual Studio Version 16
VisualStudioVersion = 16.0.31613.86
MinimumVisualStudioVersion = 10.0.40219.1
Project("{FAE04EC0-301F-11D3-BF4B-00C04F79EFBC}") = "GenerateInvoice", "GenerateInvoice\GenerateInvoice.csproj", "{70400FFF-A62E-41B3-8995-FB3DBACAD9D2}"
EndProject
Global
	GlobalSection(SolutionConfigurationPlatforms) = preSolution
		Debug|Any CPU = Debug|Any CPU
		Release|Any CPU = Release|Any CPU
	EndGlobalSection
	GlobalSection(ProjectConfigurationPlatforms) = postSolution
		{70400FFF-A62E-41B3-8995-FB3DBACAD9D2}.Debug|Any CPU.ActiveCfg = Debug|Any CPU
		{70400FFF-A62E-41B3-8995-FB3DBACAD9D2}.Debug|Any CPU.Build.0 = Debug|Any CPU
		{70400FFF-A62E-41B3-8995-FB3DBACAD9D2}.Release|Any CPU.ActiveCfg = Release|Any CPU
		{70400FFF-A62E-41B3-8995-FB3DBACAD9D2}.Release|Any CPU.Build.0 = Release|Any CPU
	EndGlobalSection
	GlobalSection(SolutionProperties) = preSolution
		HideSolutionNode = FALSE
	EndGlobalSection
	GlobalSection(ExtensibilityGlobals) = postSolution
		SolutionGuid = {BC16B684-86F5-40D6-AD15-8F7BC9F43DB4}
	EndGlobalSection
EndGlobal
